
Microsoft Visual Studio Solution File, Format Version 12.00
# Visual Studio Version 16
VisualStudioVersion = 16.0.30907.101
MinimumVisualStudioVersion = 10.0.40219.1
Project("{FAE04EC0-301F-11D3-BF4B-00C04F79EFBC}") = "Module22", "Module22\Module22.csproj", "{3D4902F9-EC6F-4123-A0E4-644A382EDB2D}"
EndProject
Global
	GlobalSection(SolutionConfigurationPlatforms) = preSolution
		Debug|Any CPU = Debug|Any CPU
		Release|Any CPU = Release|Any CPU
	EndGlobalSection
	GlobalSection(ProjectConfigurationPlatforms) = postSolution
		{3D4902F9-EC6F-4123-A0E4-644A382EDB2D}.Debug|Any CPU.ActiveCfg = Debug|Any CPU
		{3D4902F9-EC6F-4123-A0E4-644A382EDB2D}.Debug|Any CPU.Build.0 = Debug|Any CPU
		{3D4902F9-EC6F-4123-A0E4-644A382EDB2D}.Release|Any CPU.ActiveCfg = Release|Any CPU
		{3D4902F9-EC6F-4123-A0E4-644A382EDB2D}.Release|Any CPU.Build.0 = Release|Any CPU
	EndGlobalSection
	GlobalSection(SolutionProperties) = preSolution
		HideSolutionNode = FALSE
	EndGlobalSection
	GlobalSection(ExtensibilityGlobals) = postSolution
		SolutionGuid = {9E742502-D63E-4324-BE92-32BCBF99DBC4}
	EndGlobalSection
EndGlobal
